{
  "nodes": {
    "emacs-26.1": {
      "flake": false,
      "locked": {
        "lastModified": 1527266287,
        "narHash": "sha256-NF88gSiQIjdiFtDMirZOGIvGtvETXVFq7hFyb6l8BVo=",
        "owner": "emacs-mirror",
        "repo": "emacs",
        "rev": "07f8f9bc5a51f5aa94eb099f3e15fbe0c20ea1ea",
        "type": "github"
      },
      "original": {
        "owner": "emacs-mirror",
        "ref": "emacs-26.1",
        "repo": "emacs",
        "type": "github"
      }
    },
    "emacs-26.2": {
      "flake": false,
      "locked": {
        "lastModified": 1555012786,
        "narHash": "sha256-EmveGvoSBNVagjOgTyiKlpASougViF9i38UK1tRPlnI=",
        "owner": "emacs-mirror",
        "repo": "emacs",
        "rev": "fd1b34bfba8f3f6298df47c8e10b61530426f749",
        "type": "github"
      },
      "original": {
        "owner": "emacs-mirror",
        "ref": "emacs-26.2",
        "repo": "emacs",
        "type": "github"
      }
    },
    "emacs-26.3": {
      "flake": false,
      "locked": {
        "lastModified": 1566427213,
        "narHash": "sha256-pRkH9sebx+cW0OSlgDvRwewtByBHsbxQD7Jeo1/7umg=",
        "owner": "emacs-mirror",
        "repo": "emacs",
        "rev": "96dd0196c28bc36779584e47fffcca433c9309cd",
        "type": "github"
      },
      "original": {
        "owner": "emacs-mirror",
        "ref": "emacs-26.3",
        "repo": "emacs",
        "type": "github"
      }
    },
    "emacs-27.1": {
      "flake": false,
      "locked": {
        "lastModified": 1596571524,
        "narHash": "sha256-eo5aY+KYGJdgZbSTrINBx8QtELs5htWqH6o7k5yeoMQ=",
        "owner": "emacs-mirror",
        "repo": "emacs",
        "rev": "86d8d76aa36037184db0b2897c434cdaab1a9ae8",
        "type": "github"
      },
      "original": {
        "owner": "emacs-mirror",
        "ref": "emacs-27.1",
        "repo": "emacs",
        "type": "github"
      }
    },
    "emacs-27.2": {
      "flake": false,
      "locked": {
        "lastModified": 1616138214,
        "narHash": "sha256-GqkXX1RH98xGHP9If2kMsswEyOdy8OUSPEXOZG+nsVw=",
        "owner": "emacs-mirror",
        "repo": "emacs",
        "rev": "deef5efafb70f4b171265b896505b92b6eef24e6",
        "type": "github"
      },
      "original": {
        "owner": "emacs-mirror",
        "ref": "emacs-27.2",
        "repo": "emacs",
        "type": "github"
      }
    },
    "emacs-28": {
      "flake": false,
      "locked": {
        "lastModified": 1638389531,
        "narHash": "sha256-db8D5X264wFJpVxeFcNYh3U3NhSO7wvb9p+QM8Hrm0o=",
        "owner": "emacs-mirror",
        "repo": "emacs",
        "rev": "f38dfa56a0cfef77c2b0d8bb2869642a4e3b2ae4",
        "type": "github"
      },
      "original": {
        "owner": "emacs-mirror",
        "ref": "emacs-28",
        "repo": "emacs",
        "type": "github"
      }
    },
    "emacs-git": {
      "flake": false,
      "locked": {
        "lastModified": 1638443085,
        "narHash": "sha256-iTq1aJuNZtyOB5OTO7h3haWD2gUZjn+hTaQT2Gm+SnU=",
        "owner": "emacs-mirror",
        "repo": "emacs",
        "rev": "aa6a05c146e94c0afc35b5354d68da55aecb2db7",
        "type": "github"
      },
      "original": {
        "owner": "emacs-mirror",
        "ref": "master",
        "repo": "emacs",
        "type": "github"
      }
    },
    "flake-utils": {
      "locked": {
        "lastModified": 1638122382,
        "narHash": "sha256-sQzZzAbvKEqN9s0bzWuYmRaA03v40gaJ4+iL1LXjaeI=",
        "owner": "numtide",
        "repo": "flake-utils",
        "rev": "74f7e4319258e287b0f9cb95426c9853b282730b",
        "type": "github"
      },
      "original": {
        "owner": "numtide",
        "repo": "flake-utils",
        "type": "github"
      }
    },
    "nixpkgs": {
      "locked": {
        "lastModified": 1638354836,
        "narHash": "sha256-EqZA8UkNU962EIWEZFyAWuli+qKvze3K3QXkJpWf8nQ=",
        "owner": "NixOS",
        "repo": "nixpkgs",
        "rev": "461a7d223c7f32b4eb9727e07a93f873568ff0ad",
        "type": "github"
      },
      "original": {
        "id": "nixpkgs",
        "type": "indirect"
      }
    },
    "pre-commit-hooks": {
      "inputs": {
        "flake-utils": [
          "flake-utils"
        ],
        "nixpkgs": [
          "nixpkgs"
        ]
      },
      "locked": {
        "lastModified": 1637745948,
        "narHash": "sha256-DmQG1bZk24eS+BAHwnHPyYIadMLKbq0d1b//iapYIPU=",
        "owner": "cachix",
        "repo": "pre-commit-hooks.nix",
        "rev": "c3b4f94350b0e59c2546fa85890cc70d03616b9c",
        "type": "github"
      },
      "original": {
        "owner": "cachix",
        "repo": "pre-commit-hooks.nix",
        "type": "github"
      }
    },
    "root": {
      "inputs": {
        "emacs-26.1": "emacs-26.1",
        "emacs-26.2": "emacs-26.2",
        "emacs-26.3": "emacs-26.3",
        "emacs-27.1": "emacs-27.1",
        "emacs-27.2": "emacs-27.2",
        "emacs-28": "emacs-28",
        "emacs-git": "emacs-git",
        "flake-utils": "flake-utils",
        "nixpkgs": "nixpkgs",
        "pre-commit-hooks": "pre-commit-hooks"
      }
    }
  },
  "root": "root",
  "version": 7
}
